// !$*UTF8*$!
{
	archiveVersion = 1;
	classes = {
	};
	objectVersion = 48;
	objects = {

/* Begin PBXBuildFile section */
		142D6B21208C4BCF003D8C97 /* launchbackground.jpg in Resources */ = {isa = PBXBuildFile; fileRef = 142D6B20208C4BCE003D8C97 /* launchbackground.jpg */; };
		142D6B23208C4BD8003D8C97 /* ninja.png in Resources */ = {isa = PBXBuildFile; fileRef = 142D6B22208C4BD8003D8C97 /* ninja.png */; };
		14B12BB720F2AD0700D739DC /* stopword.txt in Resources */ = {isa = PBXBuildFile; fileRef = 14B12BB620F2AD0700D739DC /* stopword.txt */; };
		14BB2A6F20AF5E2B001ED63E /* waterfall.jpeg in Resources */ = {isa = PBXBuildFile; fileRef = 14BB2A6E20AF5E2B001ED63E /* waterfall.jpeg */; };
		14BB2A7120AF5E3F001ED63E /* waterfalltwo.jpg in Resources */ = {isa = PBXBuildFile; fileRef = 14BB2A7020AF5E3F001ED63E /* waterfalltwo.jpg */; };
		14BB2A7320AF5E44001ED63E /* play.png in Resources */ = {isa = PBXBuildFile; fileRef = 14BB2A7220AF5E44001ED63E /* play.png */; };
		14BB2A7520AF5E49001ED63E /* pause.png in Resources */ = {isa = PBXBuildFile; fileRef = 14BB2A7420AF5E49001ED63E /* pause.png */; };
		14BB2A7720AF5E4F001ED63E /* ninjaactual.png in Resources */ = {isa = PBXBuildFile; fileRef = 14BB2A7620AF5E4F001ED63E /* ninjaactual.png */; };
		14BB2A7920AF5E54001ED63E /* xbutton.png in Resources */ = {isa = PBXBuildFile; fileRef = 14BB2A7820AF5E54001ED63E /* xbutton.png */; };
		14E76251208BD9260049B576 /* AppDelegate.swift in Sources */ = {isa = PBXBuildFile; fileRef = 14E76250208BD9260049B576 /* AppDelegate.swift */; };
		14E76253208BD9260049B576 /* ViewController.swift in Sources */ = {isa = PBXBuildFile; fileRef = 14E76252208BD9260049B576 /* ViewController.swift */; };
		14E76256208BD9260049B576 /* Main.storyboard in Resources */ = {isa = PBXBuildFile; fileRef = 14E76254208BD9260049B576 /* Main.storyboard */; };
		14E76258208BD9260049B576 /* Assets.xcassets in Resources */ = {isa = PBXBuildFile; fileRef = 14E76257208BD9260049B576 /* Assets.xcassets */; };
		14E7625B208BD9260049B576 /* LaunchScreen.storyboard in Resources */ = {isa = PBXBuildFile; fileRef = 14E76259208BD9260049B576 /* LaunchScreen.storyboard */; };
		14E76266208BD9270049B576 /* EZ_ReaderTests.swift in Sources */ = {isa = PBXBuildFile; fileRef = 14E76265208BD9270049B576 /* EZ_ReaderTests.swift */; };
		14E76271208BD9270049B576 /* EZ_ReaderUITests.swift in Sources */ = {isa = PBXBuildFile; fileRef = 14E76270208BD9270049B576 /* EZ_ReaderUITests.swift */; };
		A0346733F794FDE5956AA47A /* Pods_EZ_Reader.framework in Frameworks */ = {isa = PBXBuildFile; fileRef = E2167B7CD0D76BA472A6DC8B /* Pods_EZ_Reader.framework */; };
/* End PBXBuildFile section */

/* Begin PBXContainerItemProxy section */
		14E76262208BD9270049B576 /* PBXContainerItemProxy */ = {
			isa = PBXContainerItemProxy;
			containerPortal = 14E76245208BD9260049B576 /* Project object */;
			proxyType = 1;
			remoteGlobalIDString = 14E7624C208BD9260049B576;
			remoteInfo = "EZ Reader";
		};
		14E7626D208BD9270049B576 /* PBXContainerItemProxy */ = {
			isa = PBXContainerItemProxy;
			containerPortal = 14E76245208BD9260049B576 /* Project object */;
			proxyType = 1;
			remoteGlobalIDString = 14E7624C208BD9260049B576;
			remoteInfo = "EZ Reader";
		};
/* End PBXContainerItemProxy section */

/* Begin PBXFileReference section */
		142D6B20208C4BCE003D8C97 /* launchbackground.jpg */ = {isa = PBXFileReference; lastKnownFileType = image.jpeg; name = launchbackground.jpg; path = ../../../Downloads/Summarizer/launchbackground.jpg; sourceTree = "<group>"; };
		142D6B22208C4BD8003D8C97 /* ninja.png */ = {isa = PBXFileReference; lastKnownFileType = image.png; name = ninja.png; path = ../../../Downloads/Summarizer/ninja.png; sourceTree = "<group>"; };
		14B12BB620F2AD0700D739DC /* stopword.txt */ = {isa = PBXFileReference; fileEncoding = 4; lastKnownFileType = text; name = stopword.txt; path = Assets.xcassets/stopword.txt; sourceTree = "<group>"; };
		14BB2A6E20AF5E2B001ED63E /* waterfall.jpeg */ = {isa = PBXFileReference; lastKnownFileType = image.jpeg; path = waterfall.jpeg; sourceTree = SOURCE_ROOT; };
		14BB2A7020AF5E3F001ED63E /* waterfalltwo.jpg */ = {isa = PBXFileReference; lastKnownFileType = image.jpeg; path = waterfalltwo.jpg; sourceTree = SOURCE_ROOT; };
		14BB2A7220AF5E44001ED63E /* play.png */ = {isa = PBXFileReference; lastKnownFileType = image.png; path = play.png; sourceTree = SOURCE_ROOT; };
		14BB2A7420AF5E49001ED63E /* pause.png */ = {isa = PBXFileReference; lastKnownFileType = image.png; path = pause.png; sourceTree = SOURCE_ROOT; };
		14BB2A7620AF5E4F001ED63E /* ninjaactual.png */ = {isa = PBXFileReference; lastKnownFileType = image.png; path = ninjaactual.png; sourceTree = SOURCE_ROOT; };
		14BB2A7820AF5E54001ED63E /* xbutton.png */ = {isa = PBXFileReference; lastKnownFileType = image.png; path = xbutton.png; sourceTree = SOURCE_ROOT; };
		14E7624D208BD9260049B576 /* EZ Reader.app */ = {isa = PBXFileReference; explicitFileType = wrapper.application; includeInIndex = 0; path = "EZ Reader.app"; sourceTree = BUILT_PRODUCTS_DIR; };
		14E76250208BD9260049B576 /* AppDelegate.swift */ = {isa = PBXFileReference; lastKnownFileType = sourcecode.swift; path = AppDelegate.swift; sourceTree = "<group>"; };
		14E76252208BD9260049B576 /* ViewController.swift */ = {isa = PBXFileReference; lastKnownFileType = sourcecode.swift; path = ViewController.swift; sourceTree = "<group>"; };
		14E76255208BD9260049B576 /* Base */ = {isa = PBXFileReference; lastKnownFileType = file.storyboard; name = Base; path = Base.lproj/Main.storyboard; sourceTree = "<group>"; };
		14E76257208BD9260049B576 /* Assets.xcassets */ = {isa = PBXFileReference; lastKnownFileType = folder.assetcatalog; path = Assets.xcassets; sourceTree = "<group>"; };
		14E7625A208BD9260049B576 /* Base */ = {isa = PBXFileReference; lastKnownFileType = file.storyboard; name = Base; path = Base.lproj/LaunchScreen.storyboard; sourceTree = "<group>"; };
		14E7625C208BD9260049B576 /* Info.plist */ = {isa = PBXFileReference; lastKnownFileType = text.plist.xml; path = Info.plist; sourceTree = "<group>"; };
		14E76261208BD9270049B576 /* EZ ReaderTests.xctest */ = {isa = PBXFileReference; explicitFileType = wrapper.cfbundle; includeInIndex = 0; path = "EZ ReaderTests.xctest"; sourceTree = BUILT_PRODUCTS_DIR; };
		14E76265208BD9270049B576 /* EZ_ReaderTests.swift */ = {isa = PBXFileReference; lastKnownFileType = sourcecode.swift; path = EZ_ReaderTests.swift; sourceTree = "<group>"; };
		14E76267208BD9270049B576 /* Info.plist */ = {isa = PBXFileReference; lastKnownFileType = text.plist.xml; path = Info.plist; sourceTree = "<group>"; };
		14E7626C208BD9270049B576 /* EZ ReaderUITests.xctest */ = {isa = PBXFileReference; explicitFileType = wrapper.cfbundle; includeInIndex = 0; path = "EZ ReaderUITests.xctest"; sourceTree = BUILT_PRODUCTS_DIR; };
		14E76270208BD9270049B576 /* EZ_ReaderUITests.swift */ = {isa = PBXFileReference; lastKnownFileType = sourcecode.swift; path = EZ_ReaderUITests.swift; sourceTree = "<group>"; };
		14E76272208BD9270049B576 /* Info.plist */ = {isa = PBXFileReference; lastKnownFileType = text.plist.xml; path = Info.plist; sourceTree = "<group>"; };
		8365ADBBF69295B721C1D0BF /* Pods-EZ Reader.debug.xcconfig */ = {isa = PBXFileReference; includeInIndex = 1; lastKnownFileType = text.xcconfig; name = "Pods-EZ Reader.debug.xcconfig"; path = "Pods/Target Support Files/Pods-EZ Reader/Pods-EZ Reader.debug.xcconfig"; sourceTree = "<group>"; };
		DCA79C992AB191DD7D371E79 /* Pods-EZ Reader.release.xcconfig */ = {isa = PBXFileReference; includeInIndex = 1; lastKnownFileType = text.xcconfig; name = "Pods-EZ Reader.release.xcconfig"; path = "Pods/Target Support Files/Pods-EZ Reader/Pods-EZ Reader.release.xcconfig"; sourceTree = "<group>"; };
		E2167B7CD0D76BA472A6DC8B /* Pods_EZ_Reader.framework */ = {isa = PBXFileReference; explicitFileType = wrapper.framework; includeInIndex = 0; path = Pods_EZ_Reader.framework; sourceTree = BUILT_PRODUCTS_DIR; };
/* End PBXFileReference section */

/* Begin PBXFrameworksBuildPhase section */
		14E7624A208BD9260049B576 /* Frameworks */ = {
			isa = PBXFrameworksBuildPhase;
			buildActionMask = 2147483647;
			files = (
				A0346733F794FDE5956AA47A /* Pods_EZ_Reader.framework in Frameworks */,
			);
			runOnlyForDeploymentPostprocessing = 0;
		};
		14E7625E208BD9270049B576 /* Frameworks */ = {
			isa = PBXFrameworksBuildPhase;
			buildActionMask = 2147483647;
			files = (
			);
			runOnlyForDeploymentPostprocessing = 0;
		};
		14E76269208BD9270049B576 /* Frameworks */ = {
			isa = PBXFrameworksBuildPhase;
			buildActionMask = 2147483647;
			files = (
			);
			runOnlyForDeploymentPostprocessing = 0;
		};
/* End PBXFrameworksBuildPhase section */

/* Begin PBXGroup section */
		14E76244208BD9260049B576 = {
			isa = PBXGroup;
			children = (
				14E7624F208BD9260049B576 /* EZ Reader */,
				14E76264208BD9270049B576 /* EZ ReaderTests */,
				14E7626F208BD9270049B576 /* EZ ReaderUITests */,
				14E7624E208BD9260049B576 /* Products */,
				54D91D28021C9FB4D4E23896 /* Pods */,
				581D8BD9899DBD6AD0FC9CBA /* Frameworks */,
			);
			sourceTree = "<group>";
		};
		14E7624E208BD9260049B576 /* Products */ = {
			isa = PBXGroup;
			children = (
				14E7624D208BD9260049B576 /* EZ Reader.app */,
				14E76261208BD9270049B576 /* EZ ReaderTests.xctest */,
				14E7626C208BD9270049B576 /* EZ ReaderUITests.xctest */,
			);
			name = Products;
			sourceTree = "<group>";
		};
		14E7624F208BD9260049B576 /* EZ Reader */ = {
			isa = PBXGroup;
			children = (
				14B12BB620F2AD0700D739DC /* stopword.txt */,
				142D6B20208C4BCE003D8C97 /* launchbackground.jpg */,
				142D6B22208C4BD8003D8C97 /* ninja.png */,
				14E76250208BD9260049B576 /* AppDelegate.swift */,
				14E76252208BD9260049B576 /* ViewController.swift */,
				14BB2A7620AF5E4F001ED63E /* ninjaactual.png */,
				14E76254208BD9260049B576 /* Main.storyboard */,
				14BB2A7220AF5E44001ED63E /* play.png */,
				14BB2A7420AF5E49001ED63E /* pause.png */,
				14BB2A7820AF5E54001ED63E /* xbutton.png */,
				14BB2A7020AF5E3F001ED63E /* waterfalltwo.jpg */,
				14BB2A6E20AF5E2B001ED63E /* waterfall.jpeg */,
				14E76257208BD9260049B576 /* Assets.xcassets */,
				14E76259208BD9260049B576 /* LaunchScreen.storyboard */,
				14E7625C208BD9260049B576 /* Info.plist */,
			);
			path = "EZ Reader";
			sourceTree = "<group>";
		};
		14E76264208BD9270049B576 /* EZ ReaderTests */ = {
			isa = PBXGroup;
			children = (
				14E76265208BD9270049B576 /* EZ_ReaderTests.swift */,
				14E76267208BD9270049B576 /* Info.plist */,
			);
			path = "EZ ReaderTests";
			sourceTree = "<group>";
		};
		14E7626F208BD9270049B576 /* EZ ReaderUITests */ = {
			isa = PBXGroup;
			children = (
				14E76270208BD9270049B576 /* EZ_ReaderUITests.swift */,
				14E76272208BD9270049B576 /* Info.plist */,
			);
			path = "EZ ReaderUITests";
			sourceTree = "<group>";
		};
		54D91D28021C9FB4D4E23896 /* Pods */ = {
			isa = PBXGroup;
			children = (
				8365ADBBF69295B721C1D0BF /* Pods-EZ Reader.debug.xcconfig */,
				DCA79C992AB191DD7D371E79 /* Pods-EZ Reader.release.xcconfig */,
			);
			name = Pods;
			sourceTree = "<group>";
		};
		581D8BD9899DBD6AD0FC9CBA /* Frameworks */ = {
			isa = PBXGroup;
			children = (
				E2167B7CD0D76BA472A6DC8B /* Pods_EZ_Reader.framework */,
			);
			name = Frameworks;
			sourceTree = "<group>";
		};
/* End PBXGroup section */

/* Begin PBXNativeTarget section */
		14E7624C208BD9260049B576 /* EZ Reader */ = {
			isa = PBXNativeTarget;
			buildConfigurationList = 14E76275208BD9270049B576 /* Build configuration list for PBXNativeTarget "EZ Reader" */;
			buildPhases = (
				405740777F77CB6205D5C6A5 /* [CP] Check Pods Manifest.lock */,
				14E76249208BD9260049B576 /* Sources */,
				14E7624A208BD9260049B576 /* Frameworks */,
				14E7624B208BD9260049B576 /* Resources */,
				59CEB4B1423EA576B36C8D0B /* [CP] Embed Pods Frameworks */,
			);
			buildRules = (
			);
			dependencies = (
			);
			name = "EZ Reader";
			productName = "EZ Reader";
			productReference = 14E7624D208BD9260049B576 /* EZ Reader.app */;
			productType = "com.apple.product-type.application";
		};
		14E76260208BD9270049B576 /* EZ ReaderTests */ = {
			isa = PBXNativeTarget;
			buildConfigurationList = 14E76278208BD9270049B576 /* Build configuration list for PBXNativeTarget "EZ ReaderTests" */;
			buildPhases = (
				14E7625D208BD9270049B576 /* Sources */,
				14E7625E208BD9270049B576 /* Frameworks */,
				14E7625F208BD9270049B576 /* Resources */,
			);
			buildRules = (
			);
			dependencies = (
				14E76263208BD9270049B576 /* PBXTargetDependency */,
			);
			name = "EZ ReaderTests";
			productName = "EZ ReaderTests";
			productReference = 14E76261208BD9270049B576 /* EZ ReaderTests.xctest */;
			productType = "com.apple.product-type.bundle.unit-test";
		};
		14E7626B208BD9270049B576 /* EZ ReaderUITests */ = {
			isa = PBXNativeTarget;
			buildConfigurationList = 14E7627B208BD9270049B576 /* Build configuration list for PBXNativeTarget "EZ ReaderUITests" */;
			buildPhases = (
				14E76268208BD9270049B576 /* Sources */,
				14E76269208BD9270049B576 /* Frameworks */,
				14E7626A208BD9270049B576 /* Resources */,
			);
			buildRules = (
			);
			dependencies = (
				14E7626E208BD9270049B576 /* PBXTargetDependency */,
			);
			name = "EZ ReaderUITests";
			productName = "EZ ReaderUITests";
			productReference = 14E7626C208BD9270049B576 /* EZ ReaderUITests.xctest */;
			productType = "com.apple.product-type.bundle.ui-testing";
		};
/* End PBXNativeTarget section */

/* Begin PBXProject section */
		14E76245208BD9260049B576 /* Project object */ = {
			isa = PBXProject;
			attributes = {
				LastSwiftUpdateCheck = 0920;
				LastUpgradeCheck = 0920;
				ORGANIZATIONNAME = "Sean Yang";
				TargetAttributes = {
					14E7624C208BD9260049B576 = {
						CreatedOnToolsVersion = 9.2;
						ProvisioningStyle = Automatic;
					};
					14E76260208BD9270049B576 = {
						CreatedOnToolsVersion = 9.2;
						ProvisioningStyle = Automatic;
						TestTargetID = 14E7624C208BD9260049B576;
					};
					14E7626B208BD9270049B576 = {
						CreatedOnToolsVersion = 9.2;
						ProvisioningStyle = Automatic;
						TestTargetID = 14E7624C208BD9260049B576;
					};
				};
			};
			buildConfigurationList = 14E76248208BD9260049B576 /* Build configuration list for PBXProject "EZ Reader" */;
			compatibilityVersion = "Xcode 8.0";
			developmentRegion = en;
			hasScannedForEncodings = 0;
			knownRegions = (
				en,
				Base,
			);
			mainGroup = 14E76244208BD9260049B576;
			productRefGroup = 14E7624E208BD9260049B576 /* Products */;
			projectDirPath = "";
			projectRoot = "";
			targets = (
				14E7624C208BD9260049B576 /* EZ Reader */,
				14E76260208BD9270049B576 /* EZ ReaderTests */,
				14E7626B208BD9270049B576 /* EZ ReaderUITests */,
			);
		};
/* End PBXProject section */

/* Begin PBXResourcesBuildPhase section */
		14E7624B208BD9260049B576 /* Resources */ = {
			isa = PBXResourcesBuildPhase;
			buildActionMask = 2147483647;
			files = (
				142D6B23208C4BD8003D8C97 /* ninja.png in Resources */,
				14BB2A7520AF5E49001ED63E /* pause.png in Resources */,
				14BB2A7120AF5E3F001ED63E /* waterfalltwo.jpg in Resources */,
				14E7625B208BD9260049B576 /* LaunchScreen.storyboard in Resources */,
				14E76258208BD9260049B576 /* Assets.xcassets in Resources */,
				14BB2A7320AF5E44001ED63E /* play.png in Resources */,
				14BB2A6F20AF5E2B001ED63E /* waterfall.jpeg in Resources */,
				14BB2A7720AF5E4F001ED63E /* ninjaactual.png in Resources */,
				14E76256208BD9260049B576 /* Main.storyboard in Resources */,
				14B12BB720F2AD0700D739DC /* stopword.txt in Resources */,
				14BB2A7920AF5E54001ED63E /* xbutton.png in Resources */,
				142D6B21208C4BCF003D8C97 /* launchbackground.jpg in Resources */,
			);
			runOnlyForDeploymentPostprocessing = 0;
		};
		14E7625F208BD9270049B576 /* Resources */ = {
			isa = PBXResourcesBuildPhase;
			buildActionMask = 2147483647;
			files = (
			);
			runOnlyForDeploymentPostprocessing = 0;
		};
		14E7626A208BD9270049B576 /* Resources */ = {
			isa = PBXResourcesBuildPhase;
			buildActionMask = 2147483647;
			files = (
			);
			runOnlyForDeploymentPostprocessing = 0;
		};
/* End PBXResourcesBuildPhase section */

/* Begin PBXShellScriptBuildPhase section */
		405740777F77CB6205D5C6A5 /* [CP] Check Pods Manifest.lock */ = {
			isa = PBXShellScriptBuildPhase;
			buildActionMask = 2147483647;
			files = (
			);
			inputPaths = (
				"${PODS_PODFILE_DIR_PATH}/Podfile.lock",
				"${PODS_ROOT}/Manifest.lock",
			);
			name = "[CP] Check Pods Manifest.lock";
			outputPaths = (
				"$(DERIVED_FILE_DIR)/Pods-EZ Reader-checkManifestLockResult.txt",
			);
			runOnlyForDeploymentPostprocessing = 0;
			shellPath = /bin/sh;
			shellScript = "diff \"${PODS_PODFILE_DIR_PATH}/Podfile.lock\" \"${PODS_ROOT}/Manifest.lock\" > /dev/null\nif [ $? != 0 ] ; then\n    # print error to STDERR\n    echo \"error: The sandbox is not in sync with the Podfile.lock. Run 'pod install' or update your CocoaPods installation.\" >&2\n    exit 1\nfi\n# This output is used by Xcode 'outputs' to avoid re-running this script phase.\necho \"SUCCESS\" > \"${SCRIPT_OUTPUT_FILE_0}\"\n";
			showEnvVarsInLog = 0;
		};
		59CEB4B1423EA576B36C8D0B /* [CP] Embed Pods Frameworks */ = {
			isa = PBXShellScriptBuildPhase;
			buildActionMask = 2147483647;
			files = (
			);
			inputPaths = (
				"${SRCROOT}/Pods/Target Support Files/Pods-EZ Reader/Pods-EZ Reader-frameworks.sh",
				"${BUILT_PRODUCTS_DIR}/Reductio/Reductio.framework",
			);
			name = "[CP] Embed Pods Frameworks";
			outputPaths = (
				"${TARGET_BUILD_DIR}/${FRAMEWORKS_FOLDER_PATH}/Reductio.framework",
			);
			runOnlyForDeploymentPostprocessing = 0;
			shellPath = /bin/sh;
			shellScript = "\"${SRCROOT}/Pods/Target Support Files/Pods-EZ Reader/Pods-EZ Reader-frameworks.sh\"\n";
			showEnvVarsInLog = 0;
		};
/* End PBXShellScriptBuildPhase section */

/* Begin PBXSourcesBuildPhase section */
		14E76249208BD9260049B576 /* Sources */ = {
			isa = PBXSourcesBuildPhase;
			buildActionMask = 2147483647;
			files = (
				14E76253208BD9260049B576 /* ViewController.swift in Sources */,
				14E76251208BD9260049B576 /* AppDelegate.swift in Sources */,
			);
			runOnlyForDeploymentPostprocessing = 0;
		};
		14E7625D208BD9270049B576 /* Sources */ = {
			isa = PBXSourcesBuildPhase;
			buildActionMask = 2147483647;
			files = (
				14E76266208BD9270049B576 /* EZ_ReaderTests.swift in Sources */,
			);
			runOnlyForDeploymentPostprocessing = 0;
		};
		14E76268208BD9270049B576 /* Sources */ = {
			isa = PBXSourcesBuildPhase;
			buildActionMask = 2147483647;
			files = (
				14E76271208BD9270049B576 /* EZ_ReaderUITests.swift in Sources */,
			);
			runOnlyForDeploymentPostprocessing = 0;
		};
/* End PBXSourcesBuildPhase section */

/* Begin PBXTargetDependency section */
		14E76263208BD9270049B576 /* PBXTargetDependency */ = {
			isa = PBXTargetDependency;
			target = 14E7624C208BD9260049B576 /* EZ Reader */;
			targetProxy = 14E76262208BD9270049B576 /* PBXContainerItemProxy */;
		};
		14E7626E208BD9270049B576 /* PBXTargetDependency */ = {
			isa = PBXTargetDependency;
			target = 14E7624C208BD9260049B576 /* EZ Reader */;
			targetProxy = 14E7626D208BD9270049B576 /* PBXContainerItemProxy */;
		};
/* End PBXTargetDependency section */

/* Begin PBXVariantGroup section */
		14E76254208BD9260049B576 /* Main.storyboard */ = {
			isa = PBXVariantGroup;
			children = (
				14E76255208BD9260049B576 /* Base */,
			);
			name = Main.storyboard;
			sourceTree = "<group>";
		};
		14E76259208BD9260049B576 /* LaunchScreen.storyboard */ = {
			isa = PBXVariantGroup;
			children = (
				14E7625A208BD9260049B576 /* Base */,
			);
			name = LaunchScreen.storyboard;
			sourceTree = "<group>";
		};
/* End PBXVariantGroup section */

/* Begin XCBuildConfiguration section */
		14E76273208BD9270049B576 /* Debug */ = {
			isa = XCBuildConfiguration;
			buildSettings = {
				ALWAYS_SEARCH_USER_PATHS = NO;
				CLANG_ANALYZER_NONNULL = YES;
				CLANG_ANALYZER_NUMBER_OBJECT_CONVERSION = YES_AGGRESSIVE;
				CLANG_CXX_LANGUAGE_STANDARD = "gnu++14";
				CLANG_CXX_LIBRARY = "libc++";
				CLANG_ENABLE_MODULES = YES;
				CLANG_ENABLE_OBJC_ARC = YES;
				CLANG_WARN_BLOCK_CAPTURE_AUTORELEASING = YES;
				CLANG_WARN_BOOL_CONVERSION = YES;
				CLANG_WARN_COMMA = YES;
				CLANG_WARN_CONSTANT_CONVERSION = YES;
				CLANG_WARN_DIRECT_OBJC_ISA_USAGE = YES_ERROR;
				CLANG_WARN_DOCUMENTATION_COMMENTS = YES;
				CLANG_WARN_EMPTY_BODY = YES;
				CLANG_WARN_ENUM_CONVERSION = YES;
				CLANG_WARN_INFINITE_RECURSION = YES;
				CLANG_WARN_INT_CONVERSION = YES;
				CLANG_WARN_NON_LITERAL_NULL_CONVERSION = YES;
				CLANG_WARN_OBJC_LITERAL_CONVERSION = YES;
				CLANG_WARN_OBJC_ROOT_CLASS = YES_ERROR;
				CLANG_WARN_RANGE_LOOP_ANALYSIS = YES;
				CLANG_WARN_STRICT_PROTOTYPES = YES;
				CLANG_WARN_SUSPICIOUS_MOVE = YES;
				CLANG_WARN_UNGUARDED_AVAILABILITY = YES_AGGRESSIVE;
				CLANG_WARN_UNREACHABLE_CODE = YES;
				CLANG_WARN__DUPLICATE_METHOD_MATCH = YES;
				CODE_SIGN_IDENTITY = "iPhone Developer";
				COPY_PHASE_STRIP = NO;
				DEBUG_INFORMATION_FORMAT = dwarf;
				ENABLE_STRICT_OBJC_MSGSEND = YES;
				ENABLE_TESTABILITY = YES;
				GCC_C_LANGUAGE_STANDARD = gnu11;
				GCC_DYNAMIC_NO_PIC = NO;
				GCC_NO_COMMON_BLOCKS = YES;
				GCC_OPTIMIZATION_LEVEL = 0;
				GCC_PREPROCESSOR_DEFINITIONS = (
					"DEBUG=1",
					"$(inherited)",
				);
				GCC_WARN_64_TO_32_BIT_CONVERSION = YES;
				GCC_WARN_ABOUT_RETURN_TYPE = YES_ERROR;
				GCC_WARN_UNDECLARED_SELECTOR = YES;
				GCC_WARN_UNINITIALIZED_AUTOS = YES_AGGRESSIVE;
				GCC_WARN_UNUSED_FUNCTION = YES;
				GCC_WARN_UNUSED_VARIABLE = YES;
				IPHONEOS_DEPLOYMENT_TARGET = 11.2;
				MTL_ENABLE_DEBUG_INFO = YES;
				ONLY_ACTIVE_ARCH = YES;
				SDKROOT = iphoneos;
				SWIFT_ACTIVE_COMPILATION_CONDITIONS = DEBUG;
				SWIFT_OPTIMIZATION_LEVEL = "-Onone";
			};
			name = Debug;
		};
		14E76274208BD9270049B576 /* Release */ = {
			isa = XCBuildConfiguration;
			buildSettings = {
				ALWAYS_SEARCH_USER_PATHS = NO;
				CLANG_ANALYZER_NONNULL = YES;
				CLANG_ANALYZER_NUMBER_OBJECT_CONVERSION = YES_AGGRESSIVE;
				CLANG_CXX_LANGUAGE_STANDARD = "gnu++14";
				CLANG_CXX_LIBRARY = "libc++";
				CLANG_ENABLE_MODULES = YES;
				CLANG_ENABLE_OBJC_ARC = YES;
				CLANG_WARN_BLOCK_CAPTURE_AUTORELEASING = YES;
				CLANG_WARN_BOOL_CONVERSION = YES;
				CLANG_WARN_COMMA = YES;
				CLANG_WARN_CONSTANT_CONVERSION = YES;
				CLANG_WARN_DIRECT_OBJC_ISA_USAGE = YES_ERROR;
				CLANG_WARN_DOCUMENTATION_COMMENTS = YES;
				CLANG_WARN_EMPTY_BODY = YES;
				CLANG_WARN_ENUM_CONVERSION = YES;
				CLANG_WARN_INFINITE_RECURSION = YES;
				CLANG_WARN_INT_CONVERSION = YES;
				CLANG_WARN_NON_LITERAL_NULL_CONVERSION = YES;
				CLANG_WARN_OBJC_LITERAL_CONVERSION = YES;
				CLANG_WARN_OBJC_ROOT_CLASS = YES_ERROR;
				CLANG_WARN_RANGE_LOOP_ANALYSIS = YES;
				CLANG_WARN_STRICT_PROTOTYPES = YES;
				CLANG_WARN_SUSPICIOUS_MOVE = YES;
				CLANG_WARN_UNGUARDED_AVAILABILITY = YES_AGGRESSIVE;
				CLANG_WARN_UNREACHABLE_CODE = YES;
				CLANG_WARN__DUPLICATE_METHOD_MATCH = YES;
				CODE_SIGN_IDENTITY = "iPhone Developer";
				COPY_PHASE_STRIP = NO;
				DEBUG_INFORMATION_FORMAT = "dwarf-with-dsym";
				ENABLE_NS_ASSERTIONS = NO;
				ENABLE_STRICT_OBJC_MSGSEND = YES;
				GCC_C_LANGUAGE_STANDARD = gnu11;
				GCC_NO_COMMON_BLOCKS = YES;
				GCC_WARN_64_TO_32_BIT_CONVERSION = YES;
				GCC_WARN_ABOUT_RETURN_TYPE = YES_ERROR;
				GCC_WARN_UNDECLARED_SELECTOR = YES;
				GCC_WARN_UNINITIALIZED_AUTOS = YES_AGGRESSIVE;
				GCC_WARN_UNUSED_FUNCTION = YES;
				GCC_WARN_UNUSED_VARIABLE = YES;
				IPHONEOS_DEPLOYMENT_TARGET = 11.2;
				MTL_ENABLE_DEBUG_INFO = NO;
				SDKROOT = iphoneos;
				SWIFT_OPTIMIZATION_LEVEL = "-Owholemodule";
				VALIDATE_PRODUCT = YES;
			};
			name = Release;
		};
		14E76276208BD9270049B576 /* Debug */ = {
			isa = XCBuildConfiguration;
			baseConfigurationReference = 8365ADBBF69295B721C1D0BF /* Pods-EZ Reader.debug.xcconfig */;
			buildSettings = {
				ASSETCATALOG_COMPILER_APPICON_NAME = AppIcon;
				CODE_SIGN_STYLE = Automatic;
				DEVELOPMENT_TEAM = 67YUU29P3Y;
				INFOPLIST_FILE = "EZ Reader/Info.plist";
				LD_RUNPATH_SEARCH_PATHS = "$(inherited) @executable_path/Frameworks";
				PRODUCT_BUNDLE_IDENTIFIER = "SeanY.EZ-Reader";
				PRODUCT_NAME = "$(TARGET_NAME)";
				SWIFT_VERSION = 4.0;
				TARGETED_DEVICE_FAMILY = "1,2";
			};
			name = Debug;
		};
		14E76277208BD9270049B576 /* Release */ = {
			isa = XCBuildConfiguration;
			baseConfigurationReference = DCA79C992AB191DD7D371E79 /* Pods-EZ Reader.release.xcconfig */;
			buildSettings = {
				ASSETCATALOG_COMPILER_APPICON_NAME = AppIcon;
				CODE_SIGN_STYLE = Automatic;
				DEVELOPMENT_TEAM = 67YUU29P3Y;
				INFOPLIST_FILE = "EZ Reader/Info.plist";
				LD_RUNPATH_SEARCH_PATHS = "$(inherited) @executable_path/Frameworks";
				PRODUCT_BUNDLE_IDENTIFIER = "SeanY.EZ-Reader";
				PRODUCT_NAME = "$(TARGET_NAME)";
				SWIFT_VERSION = 4.0;
				TARGETED_DEVICE_FAMILY = "1,2";
			};
			name = Release;
		};
		14E76279208BD9270049B576 /* Debug */ = {
			isa = XCBuildConfiguration;
			buildSettings = {
				ALWAYS_EMBED_SWIFT_STANDARD_LIBRARIES = YES;
				BUNDLE_LOADER = "$(TEST_HOST)";
				CODE_SIGN_STYLE = Automatic;
				DEVELOPMENT_TEAM = 4EJU3A3G88;
				INFOPLIST_FILE = "EZ ReaderTests/Info.plist";
				LD_RUNPATH_SEARCH_PATHS = "$(inherited) @executable_path/Frameworks @loader_path/Frameworks";
				PRODUCT_BUNDLE_IDENTIFIER = "Sean.EZ-ReaderTests";
				PRODUCT_NAME = "$(TARGET_NAME)";
				SWIFT_VERSION = 4.0;
				TARGETED_DEVICE_FAMILY = "1,2";
				TEST_HOST = "$(BUILT_PRODUCTS_DIR)/EZ Reader.app/EZ Reader";
			};
			name = Debug;
		};
		14E7627A208BD9270049B576 /* Release */ = {
			isa = XCBuildConfiguration;
			buildSettings = {
				ALWAYS_EMBED_SWIFT_STANDARD_LIBRARIES = YES;
				BUNDLE_LOADER = "$(TEST_HOST)";
				CODE_SIGN_STYLE = Automatic;
				DEVELOPMENT_TEAM = 4EJU3A3G88;
				INFOPLIST_FILE = "EZ ReaderTests/Info.plist";
				LD_RUNPATH_SEARCH_PATHS = "$(inherited) @executable_path/Frameworks @loader_path/Frameworks";
				PRODUCT_BUNDLE_IDENTIFIER = "Sean.EZ-ReaderTests";
				PRODUCT_NAME = "$(TARGET_NAME)";
				SWIFT_VERSION = 4.0;
				TARGETED_DEVICE_FAMILY = "1,2";
				TEST_HOST = "$(BUILT_PRODUCTS_DIR)/EZ Reader.app/EZ Reader";
			};
			name = Release;
		};
		14E7627C208BD9270049B576 /* Debug */ = {
			isa = XCBuildConfiguration;
			buildSettings = {
				ALWAYS_EMBED_SWIFT_STANDARD_LIBRARIES = YES;
				CODE_SIGN_STYLE = Automatic;
				DEVELOPMENT_TEAM = 4EJU3A3G88;
				INFOPLIST_FILE = "EZ ReaderUITests/Info.plist";
				LD_RUNPATH_SEARCH_PATHS = "$(inherited) @executable_path/Frameworks @loader_path/Frameworks";
				PRODUCT_BUNDLE_IDENTIFIER = "Sean.EZ-ReaderUITests";
				PRODUCT_NAME = "$(TARGET_NAME)";
				SWIFT_VERSION = 4.0;
				TARGETED_DEVICE_FAMILY = "1,2";
				TEST_TARGET_NAME = "EZ Reader";
			};
			name = Debug;
		};
		14E7627D208BD9270049B576 /* Release */ = {
			isa = XCBuildConfiguration;
			buildSettings = {
				ALWAYS_EMBED_SWIFT_STANDARD_LIBRARIES = YES;
				CODE_SIGN_STYLE = Automatic;
				DEVELOPMENT_TEAM = 4EJU3A3G88;
				INFOPLIST_FILE = "EZ ReaderUITests/Info.plist";
				LD_RUNPATH_SEARCH_PATHS = "$(inherited) @executable_path/Frameworks @loader_path/Frameworks";
				PRODUCT_BUNDLE_IDENTIFIER = "Sean.EZ-ReaderUITests";
				PRODUCT_NAME = "$(TARGET_NAME)";
				SWIFT_VERSION = 4.0;
				TARGETED_DEVICE_FAMILY = "1,2";
				TEST_TARGET_NAME = "EZ Reader";
			};
			name = Release;
		};
/* End XCBuildConfiguration section */

/* Begin XCConfigurationList section */
		14E76248208BD9260049B576 /* Build configuration list for PBXProject "EZ Reader" */ = {
			isa = XCConfigurationList;
			buildConfigurations = (
				14E76273208BD9270049B576 /* Debug */,
				14E76274208BD9270049B576 /* Release */,
			);
			defaultConfigurationIsVisible = 0;
			defaultConfigurationName = Release;
		};
		14E76275208BD9270049B576 /* Build configuration list for PBXNativeTarget "EZ Reader" */ = {
			isa = XCConfigurationList;
			buildConfigurations = (
				14E76276208BD9270049B576 /* Debug */,
				14E76277208BD9270049B576 /* Release */,
			);
			defaultConfigurationIsVisible = 0;
			defaultConfigurationName = Release;
		};
		14E76278208BD9270049B576 /* Build configuration list for PBXNativeTarget "EZ ReaderTests" */ = {
			isa = XCConfigurationList;
			buildConfigurations = (
				14E76279208BD9270049B576 /* Debug */,
				14E7627A208BD9270049B576 /* Release */,
			);
			defaultConfigurationIsVisible = 0;
			defaultConfigurationName = Release;
		};
		14E7627B208BD9270049B576 /* Build configuration list for PBXNativeTarget "EZ ReaderUITests" */ = {
			isa = XCConfigurationList;
			buildConfigurations = (
				14E7627C208BD9270049B576 /* Debug */,
				14E7627D208BD9270049B576 /* Release */,
			);
			defaultConfigurationIsVisible = 0;
			defaultConfigurationName = Release;
		};
/* End XCConfigurationList section */
	};
	rootObject = 14E76245208BD9260049B576 /* Project object */;
}
